Microsoft Visual Studio Solution File, Format Version 12.00
# Visual Studio Version 17
VisualStudioVersion = 17.5.2.0
MinimumVisualStudioVersion = 10.0.40219.1
Project("{2150E333-8FDC-42A3-9474-1A3956D46DE8}") = "examples", "examples", "{B36A84DF-456D-A817-6EDD-3EC3E7F6E11F}"
EndProject
Project("{FAE04EC0-301F-11D3-BF4B-00C04F79EFBC}") = "cube", "examples\cube\cube.csproj", "{C9981C74-A7C2-6184-3073-9CBEF2CBC1CF}"
EndProject
Project("{FAE04EC0-301F-11D3-BF4B-00C04F79EFBC}") = "dyntex", "examples\dyntex\dyntex.csproj", "{C6A900C0-2305-4DB2-988B-88E7540BC67F}"
EndProject
Project("{FAE04EC0-301F-11D3-BF4B-00C04F79EFBC}") = "plmpeg", "examples\plmpeg\plmpeg.csproj", "{20D1473D-EE27-4FC7-8074-0136E46E8343}"
EndProject
Project("{FAE04EC0-301F-11D3-BF4B-00C04F79EFBC}") = "loadpng", "examples\loadpng\loadpng.csproj", "{62B58DF8-B096-4A87-B036-F037B642C0D3}"
EndProject
Project("{FAE04EC0-301F-11D3-BF4B-00C04F79EFBC}") = "cubeweb", "examples\cube\cubeweb.csproj", "{CF3B6BD7-3C68-4534-A41A-75B087CDAD22}"
EndProject
Project("{FAE04EC0-301F-11D3-BF4B-00C04F79EFBC}") = "dyntexWeb", "examples\dyntex\dyntexWeb.csproj", "{30C9ECF5-58F0-4728-86ED-354BAFCE5084}"
EndProject
Project("{FAE04EC0-301F-11D3-BF4B-00C04F79EFBC}") = "loadpngWeb", "examples\loadpng\loadpngWeb.csproj", "{9B109CD7-3035-45E9-8D2D-02A82E8DD153}"
EndProject
Project("{FAE04EC0-301F-11D3-BF4B-00C04F79EFBC}") = "plmpegWeb", "examples\plmpeg\plmpegWeb.csproj", "{51815CA5-3A57-4AC3-AA20-15C0A41EAE66}"
EndProject
Project("{FAE04EC0-301F-11D3-BF4B-00C04F79EFBC}") = "instancing", "examples\instancing\instancing.csproj", "{87844AAF-F904-4888-9948-1A5149A1E40B}"
EndProject
Project("{FAE04EC0-301F-11D3-BF4B-00C04F79EFBC}") = "instancingWeb", "examples\instancing\instancingWeb.csproj", "{24CAEF1D-6892-476D-B81B-E98D37B9893B}"
EndProject
Project("{FAE04EC0-301F-11D3-BF4B-00C04F79EFBC}") = "cimgui", "examples\cimgui\cimgui.csproj", "{056B3D69-4CFB-4904-9FE5-0961619ED055}"
EndProject
Project("{FAE04EC0-301F-11D3-BF4B-00C04F79EFBC}") = "cimguiweb", "examples\cimgui\cimguiweb.csproj", "{23EC784F-3497-4278-A0F1-E14A78F9FFA5}"
EndProject
Project("{FAE04EC0-301F-11D3-BF4B-00C04F79EFBC}") = "drawcallperf", "examples\drawcallperf\drawcallperf.csproj", "{355F7341-D8C5-4A19-B7B8-336E65E9CCFD}"
EndProject
Project("{FAE04EC0-301F-11D3-BF4B-00C04F79EFBC}") = "drawcallperfWeb", "examples\drawcallperf\drawcallperfWeb.csproj", "{107EC80F-6F78-4077-9744-92836B6157C1}"
EndProject
Project("{FAE04EC0-301F-11D3-BF4B-00C04F79EFBC}") = "sgl", "examples\sgl\sgl.csproj", "{57C50C8E-DB50-4C78-BA4D-2330FE254394}"
EndProject
Project("{FAE04EC0-301F-11D3-BF4B-00C04F79EFBC}") = "sglWeb", "examples\sgl\sglWeb.csproj", "{CE0539BE-4D95-4C89-9C5B-CCA06FE2E5C4}"
EndProject
Global
	GlobalSection(SolutionConfigurationPlatforms) = preSolution
		Debug|Any CPU = Debug|Any CPU
		Release|Any CPU = Release|Any CPU
	EndGlobalSection
	GlobalSection(ProjectConfigurationPlatforms) = postSolution
		{C9981C74-A7C2-6184-3073-9CBEF2CBC1CF}.Debug|Any CPU.ActiveCfg = Debug|Any CPU
		{C9981C74-A7C2-6184-3073-9CBEF2CBC1CF}.Debug|Any CPU.Build.0 = Debug|Any CPU
		{C9981C74-A7C2-6184-3073-9CBEF2CBC1CF}.Release|Any CPU.ActiveCfg = Release|Any CPU
		{C9981C74-A7C2-6184-3073-9CBEF2CBC1CF}.Release|Any CPU.Build.0 = Release|Any CPU
		{C6A900C0-2305-4DB2-988B-88E7540BC67F}.Debug|Any CPU.ActiveCfg = Debug|Any CPU
		{C6A900C0-2305-4DB2-988B-88E7540BC67F}.Debug|Any CPU.Build.0 = Debug|Any CPU
		{C6A900C0-2305-4DB2-988B-88E7540BC67F}.Release|Any CPU.ActiveCfg = Release|Any CPU
		{C6A900C0-2305-4DB2-988B-88E7540BC67F}.Release|Any CPU.Build.0 = Release|Any CPU
		{20D1473D-EE27-4FC7-8074-0136E46E8343}.Debug|Any CPU.ActiveCfg = Debug|Any CPU
		{20D1473D-EE27-4FC7-8074-0136E46E8343}.Debug|Any CPU.Build.0 = Debug|Any CPU
		{20D1473D-EE27-4FC7-8074-0136E46E8343}.Release|Any CPU.ActiveCfg = Release|Any CPU
		{20D1473D-EE27-4FC7-8074-0136E46E8343}.Release|Any CPU.Build.0 = Release|Any CPU
		{62B58DF8-B096-4A87-B036-F037B642C0D3}.Debug|Any CPU.ActiveCfg = Debug|Any CPU
		{62B58DF8-B096-4A87-B036-F037B642C0D3}.Debug|Any CPU.Build.0 = Debug|Any CPU
		{62B58DF8-B096-4A87-B036-F037B642C0D3}.Release|Any CPU.ActiveCfg = Release|Any CPU
		{62B58DF8-B096-4A87-B036-F037B642C0D3}.Release|Any CPU.Build.0 = Release|Any CPU
		{CF3B6BD7-3C68-4534-A41A-75B087CDAD22}.Debug|Any CPU.ActiveCfg = Debug|Any CPU
		{CF3B6BD7-3C68-4534-A41A-75B087CDAD22}.Debug|Any CPU.Build.0 = Debug|Any CPU
		{CF3B6BD7-3C68-4534-A41A-75B087CDAD22}.Release|Any CPU.ActiveCfg = Release|Any CPU
		{CF3B6BD7-3C68-4534-A41A-75B087CDAD22}.Release|Any CPU.Build.0 = Release|Any CPU
		{30C9ECF5-58F0-4728-86ED-354BAFCE5084}.Debug|Any CPU.ActiveCfg = Debug|Any CPU
		{30C9ECF5-58F0-4728-86ED-354BAFCE5084}.Debug|Any CPU.Build.0 = Debug|Any CPU
		{30C9ECF5-58F0-4728-86ED-354BAFCE5084}.Release|Any CPU.ActiveCfg = Release|Any CPU
		{30C9ECF5-58F0-4728-86ED-354BAFCE5084}.Release|Any CPU.Build.0 = Release|Any CPU
		{9B109CD7-3035-45E9-8D2D-02A82E8DD153}.Debug|Any CPU.ActiveCfg = Debug|Any CPU
		{9B109CD7-3035-45E9-8D2D-02A82E8DD153}.Debug|Any CPU.Build.0 = Debug|Any CPU
		{9B109CD7-3035-45E9-8D2D-02A82E8DD153}.Release|Any CPU.ActiveCfg = Release|Any CPU
		{9B109CD7-3035-45E9-8D2D-02A82E8DD153}.Release|Any CPU.Build.0 = Release|Any CPU
		{51815CA5-3A57-4AC3-AA20-15C0A41EAE66}.Debug|Any CPU.ActiveCfg = Debug|Any CPU
		{51815CA5-3A57-4AC3-AA20-15C0A41EAE66}.Debug|Any CPU.Build.0 = Debug|Any CPU
		{51815CA5-3A57-4AC3-AA20-15C0A41EAE66}.Release|Any CPU.ActiveCfg = Release|Any CPU
		{51815CA5-3A57-4AC3-AA20-15C0A41EAE66}.Release|Any CPU.Build.0 = Release|Any CPU
		{87844AAF-F904-4888-9948-1A5149A1E40B}.Debug|Any CPU.ActiveCfg = Debug|Any CPU
		{87844AAF-F904-4888-9948-1A5149A1E40B}.Debug|Any CPU.Build.0 = Debug|Any CPU
		{87844AAF-F904-4888-9948-1A5149A1E40B}.Release|Any CPU.ActiveCfg = Release|Any CPU
		{87844AAF-F904-4888-9948-1A5149A1E40B}.Release|Any CPU.Build.0 = Release|Any CPU
		{24CAEF1D-6892-476D-B81B-E98D37B9893B}.Debug|Any CPU.ActiveCfg = Debug|Any CPU
		{24CAEF1D-6892-476D-B81B-E98D37B9893B}.Debug|Any CPU.Build.0 = Debug|Any CPU
		{24CAEF1D-6892-476D-B81B-E98D37B9893B}.Release|Any CPU.ActiveCfg = Release|Any CPU
		{24CAEF1D-6892-476D-B81B-E98D37B9893B}.Release|Any CPU.Build.0 = Release|Any CPU
		{056B3D69-4CFB-4904-9FE5-0961619ED055}.Debug|Any CPU.ActiveCfg = Debug|Any CPU
		{056B3D69-4CFB-4904-9FE5-0961619ED055}.Debug|Any CPU.Build.0 = Debug|Any CPU
		{056B3D69-4CFB-4904-9FE5-0961619ED055}.Release|Any CPU.ActiveCfg = Release|Any CPU
		{056B3D69-4CFB-4904-9FE5-0961619ED055}.Release|Any CPU.Build.0 = Release|Any CPU
		{23EC784F-3497-4278-A0F1-E14A78F9FFA5}.Debug|Any CPU.ActiveCfg = Debug|Any CPU
		{23EC784F-3497-4278-A0F1-E14A78F9FFA5}.Debug|Any CPU.Build.0 = Debug|Any CPU
		{23EC784F-3497-4278-A0F1-E14A78F9FFA5}.Release|Any CPU.ActiveCfg = Release|Any CPU
		{23EC784F-3497-4278-A0F1-E14A78F9FFA5}.Release|Any CPU.Build.0 = Release|Any CPU
		{355F7341-D8C5-4A19-B7B8-336E65E9CCFD}.Debug|Any CPU.ActiveCfg = Debug|Any CPU
		{355F7341-D8C5-4A19-B7B8-336E65E9CCFD}.Debug|Any CPU.Build.0 = Debug|Any CPU
		{355F7341-D8C5-4A19-B7B8-336E65E9CCFD}.Release|Any CPU.ActiveCfg = Release|Any CPU
		{355F7341-D8C5-4A19-B7B8-336E65E9CCFD}.Release|Any CPU.Build.0 = Release|Any CPU
		{107EC80F-6F78-4077-9744-92836B6157C1}.Debug|Any CPU.ActiveCfg = Debug|Any CPU
		{107EC80F-6F78-4077-9744-92836B6157C1}.Debug|Any CPU.Build.0 = Debug|Any CPU
		{107EC80F-6F78-4077-9744-92836B6157C1}.Release|Any CPU.ActiveCfg = Release|Any CPU
		{107EC80F-6F78-4077-9744-92836B6157C1}.Release|Any CPU.Build.0 = Release|Any CPU
		{57C50C8E-DB50-4C78-BA4D-2330FE254394}.Debug|Any CPU.ActiveCfg = Debug|Any CPU
		{57C50C8E-DB50-4C78-BA4D-2330FE254394}.Debug|Any CPU.Build.0 = Debug|Any CPU
		{57C50C8E-DB50-4C78-BA4D-2330FE254394}.Release|Any CPU.ActiveCfg = Release|Any CPU
		{57C50C8E-DB50-4C78-BA4D-2330FE254394}.Release|Any CPU.Build.0 = Release|Any CPU
		{CE0539BE-4D95-4C89-9C5B-CCA06FE2E5C4}.Debug|Any CPU.ActiveCfg = Debug|Any CPU
		{CE0539BE-4D95-4C89-9C5B-CCA06FE2E5C4}.Debug|Any CPU.Build.0 = Debug|Any CPU
		{CE0539BE-4D95-4C89-9C5B-CCA06FE2E5C4}.Release|Any CPU.ActiveCfg = Release|Any CPU
		{CE0539BE-4D95-4C89-9C5B-CCA06FE2E5C4}.Release|Any CPU.Build.0 = Release|Any CPU
	EndGlobalSection
	GlobalSection(SolutionProperties) = preSolution
		HideSolutionNode = FALSE
	EndGlobalSection
	GlobalSection(NestedProjects) = preSolution
		{C9981C74-A7C2-6184-3073-9CBEF2CBC1CF} = {B36A84DF-456D-A817-6EDD-3EC3E7F6E11F}
		{C6A900C0-2305-4DB2-988B-88E7540BC67F} = {B36A84DF-456D-A817-6EDD-3EC3E7F6E11F}
		{20D1473D-EE27-4FC7-8074-0136E46E8343} = {B36A84DF-456D-A817-6EDD-3EC3E7F6E11F}
		{62B58DF8-B096-4A87-B036-F037B642C0D3} = {B36A84DF-456D-A817-6EDD-3EC3E7F6E11F}
		{CF3B6BD7-3C68-4534-A41A-75B087CDAD22} = {B36A84DF-456D-A817-6EDD-3EC3E7F6E11F}
		{30C9ECF5-58F0-4728-86ED-354BAFCE5084} = {B36A84DF-456D-A817-6EDD-3EC3E7F6E11F}
		{9B109CD7-3035-45E9-8D2D-02A82E8DD153} = {B36A84DF-456D-A817-6EDD-3EC3E7F6E11F}
		{51815CA5-3A57-4AC3-AA20-15C0A41EAE66} = {B36A84DF-456D-A817-6EDD-3EC3E7F6E11F}
		{87844AAF-F904-4888-9948-1A5149A1E40B} = {B36A84DF-456D-A817-6EDD-3EC3E7F6E11F}
		{24CAEF1D-6892-476D-B81B-E98D37B9893B} = {B36A84DF-456D-A817-6EDD-3EC3E7F6E11F}
		{056B3D69-4CFB-4904-9FE5-0961619ED055} = {B36A84DF-456D-A817-6EDD-3EC3E7F6E11F}
		{23EC784F-3497-4278-A0F1-E14A78F9FFA5} = {B36A84DF-456D-A817-6EDD-3EC3E7F6E11F}
		{355F7341-D8C5-4A19-B7B8-336E65E9CCFD} = {B36A84DF-456D-A817-6EDD-3EC3E7F6E11F}
		{107EC80F-6F78-4077-9744-92836B6157C1} = {B36A84DF-456D-A817-6EDD-3EC3E7F6E11F}
		{57C50C8E-DB50-4C78-BA4D-2330FE254394} = {B36A84DF-456D-A817-6EDD-3EC3E7F6E11F}
		{CE0539BE-4D95-4C89-9C5B-CCA06FE2E5C4} = {B36A84DF-456D-A817-6EDD-3EC3E7F6E11F}
	EndGlobalSection
	GlobalSection(ExtensibilityGlobals) = postSolution
		SolutionGuid = {3E698CF8-2571-44C4-BDB3-0CAAE475F5DF}
	EndGlobalSection
EndGlobal
