Microsoft Visual Studio Solution File, Format Version 12.00
# Visual Studio Version 17
VisualStudioVersion = 17.5.2.0
MinimumVisualStudioVersion = 10.0.40219.1
Project("{2150E333-8FDC-42A3-9474-1A3956D46DE8}") = "examples", "examples", "{B36A84DF-456D-A817-6EDD-3EC3E7F6E11F}"
EndProject
Project("{2150E333-8FDC-42A3-9474-1A3956D46DE8}") = "src", "src", "{827E0CD3-B72D-47B6-A68D-7590B98EB39B}"
EndProject
Project("{FAE04EC0-301F-11D3-BF4B-00C04F79EFBC}") = "cube", "examples\cube\cube.csproj", "{C9981C74-A7C2-6184-3073-9CBEF2CBC1CF}"
EndProject
Project("{FAE04EC0-301F-11D3-BF4B-00C04F79EFBC}") = "sokol", "src\sokol\sokol.csproj", "{D9D7E1F6-43DC-2E1E-3476-2A5B2940F232}"
EndProject
Project("{FAE04EC0-301F-11D3-BF4B-00C04F79EFBC}") = "dyntex", "examples\dyntex\dyntex.csproj", "{C6A900C0-2305-4DB2-988B-88E7540BC67F}"
EndProject
Global
	GlobalSection(SolutionConfigurationPlatforms) = preSolution
		Debug|Any CPU = Debug|Any CPU
		Release|Any CPU = Release|Any CPU
	EndGlobalSection
	GlobalSection(ProjectConfigurationPlatforms) = postSolution
		{C9981C74-A7C2-6184-3073-9CBEF2CBC1CF}.Debug|Any CPU.ActiveCfg = Debug|Any CPU
		{C9981C74-A7C2-6184-3073-9CBEF2CBC1CF}.Debug|Any CPU.Build.0 = Debug|Any CPU
		{C9981C74-A7C2-6184-3073-9CBEF2CBC1CF}.Release|Any CPU.ActiveCfg = Release|Any CPU
		{C9981C74-A7C2-6184-3073-9CBEF2CBC1CF}.Release|Any CPU.Build.0 = Release|Any CPU
		{D9D7E1F6-43DC-2E1E-3476-2A5B2940F232}.Debug|Any CPU.ActiveCfg = Debug|Any CPU
		{D9D7E1F6-43DC-2E1E-3476-2A5B2940F232}.Debug|Any CPU.Build.0 = Debug|Any CPU
		{D9D7E1F6-43DC-2E1E-3476-2A5B2940F232}.Release|Any CPU.ActiveCfg = Release|Any CPU
		{D9D7E1F6-43DC-2E1E-3476-2A5B2940F232}.Release|Any CPU.Build.0 = Release|Any CPU
		{C6A900C0-2305-4DB2-988B-88E7540BC67F}.Debug|Any CPU.ActiveCfg = Debug|Any CPU
		{C6A900C0-2305-4DB2-988B-88E7540BC67F}.Debug|Any CPU.Build.0 = Debug|Any CPU
		{C6A900C0-2305-4DB2-988B-88E7540BC67F}.Release|Any CPU.ActiveCfg = Release|Any CPU
		{C6A900C0-2305-4DB2-988B-88E7540BC67F}.Release|Any CPU.Build.0 = Release|Any CPU
	EndGlobalSection
	GlobalSection(SolutionProperties) = preSolution
		HideSolutionNode = FALSE
	EndGlobalSection
	GlobalSection(NestedProjects) = preSolution
		{C9981C74-A7C2-6184-3073-9CBEF2CBC1CF} = {B36A84DF-456D-A817-6EDD-3EC3E7F6E11F}
		{D9D7E1F6-43DC-2E1E-3476-2A5B2940F232} = {827E0CD3-B72D-47B6-A68D-7590B98EB39B}
		{C6A900C0-2305-4DB2-988B-88E7540BC67F} = {B36A84DF-456D-A817-6EDD-3EC3E7F6E11F}
	EndGlobalSection
	GlobalSection(ExtensibilityGlobals) = postSolution
		SolutionGuid = {3E698CF8-2571-44C4-BDB3-0CAAE475F5DF}
	EndGlobalSection
EndGlobal
